<?xml version="1.0" encoding="utf-8"?>
<Project ToolsVersion="4.0" xmlns="http://schemas.microsoft.com/developer/msbuild/2003">
  <ItemGroup>
    <Filter Include="Source Files">
      <UniqueIdentifier>{4FC737F1-C7A5-4376-A066-2A32D752A2FF}</UniqueIdentifier>
      <Extensions>cpp;c;cc;cxx;c++;cppm;ixx;def;odl;idl;hpj;bat;asm;asmx</Extensions>
    </Filter>
    <Filter Include="Source Files\child">
      <UniqueIdentifier>{6bf5638a-30df-44e2-a529-162f9e22e882}</UniqueIdentifier>
    </Filter>
    <Filter Include="Source Files\female">
      <UniqueIdentifier>{bca630fb-fde6-47f4-8c3a-e14c1c11bafd}</UniqueIdentifier>
    </Filter>
    <Filter Include="Source Files\male">
      <UniqueIdentifier>{d345e82f-4b0f-4747-8474-f0fa9533de92}</UniqueIdentifier>
    </Filter>
    <Filter Include="Source Files\gui">
      <UniqueIdentifier>{8ac80c5f-4930-4534-8563-2c4fe9d8becb}</UniqueIdentifier>
    </Filter>
    <Filter Include="Source Files\image">
      <UniqueIdentifier>{c732cc03-f8e2-4b39-8327-8302dd371cec}</UniqueIdentifier>
    </Filter>
    <Filter Include="Source Files\database">
      <UniqueIdentifier>{e11ec7cc-9a48-4691-8f38-2644789c169b}</UniqueIdentifier>
    </Filter>
    <Filter Include="Source Files\gui\Input Manually">
      <UniqueIdentifier>{758cc43f-e3f8-4951-a04f-45540daa8aac}</UniqueIdentifier>
    </Filter>
    <Filter Include="Source Files\gui\Auto-Generated">
      <UniqueIdentifier>{c0999438-9936-47ec-8204-1104551446dd}</UniqueIdentifier>
    </Filter>
    <Filter Include="Source Files\gui\Display">
      <UniqueIdentifier>{11940687-cd30-46e6-9cde-cee92b34f173}</UniqueIdentifier>
    </Filter>
  </ItemGroup>
  <ItemGroup>
    <ClInclude Include="child.h">
      <Filter>Source Files\child</Filter>
    </ClInclude>
    <ClInclude Include="female.h">
      <Filter>Source Files\female</Filter>
    </ClInclude>
    <ClInclude Include="male.h">
      <Filter>Source Files\male</Filter>
    </ClInclude>
    <ClInclude Include="databaseConnection.h">
      <Filter>Source Files\database</Filter>
    </ClInclude>
    <ClInclude Include="Frame2.h">
      <Filter>Source Files\gui\Input Manually</Filter>
    </ClInclude>
    <ClInclude Include="Frame1.h">
      <Filter>Source Files\gui</Filter>
    </ClInclude>
    <ClInclude Include="Frame3.h">
      <Filter>Source Files\gui\Display</Filter>
    </ClInclude>
    <ClInclude Include="Auto.h">
      <Filter>Source Files\gui\Auto-Generated</Filter>
    </ClInclude>
    <ClInclude Include="Display.h">
      <Filter>Source Files\gui\Display</Filter>
    </ClInclude>
    <ClInclude Include="App.h">
      <Filter>Source Files\gui</Filter>
    </ClInclude>
  </ItemGroup>
  <ItemGroup>
    <ClCompile Include="child.cpp">
      <Filter>Source Files\child</Filter>
    </ClCompile>
    <ClCompile Include="female.cpp">
      <Filter>Source Files\female</Filter>
    </ClCompile>
    <ClCompile Include="male.cpp">
      <Filter>Source Files\male</Filter>
    </ClCompile>
    <ClCompile Include="App.cpp">
      <Filter>Source Files\gui</Filter>
    </ClCompile>
    <ClCompile Include="databaseConnection.cpp">
      <Filter>Source Files\database</Filter>
    </ClCompile>
    <ClCompile Include="Frame2.cpp">
      <Filter>Source Files\gui\Input Manually</Filter>
    </ClCompile>
    <ClCompile Include="Auto.cpp">
      <Filter>Source Files\gui\Auto-Generated</Filter>
    </ClCompile>
    <ClCompile Include="Frame1.cpp">
      <Filter>Source Files\gui</Filter>
    </ClCompile>
    <ClCompile Include="Frame3.cpp">
      <Filter>Source Files\gui\Display</Filter>
    </ClCompile>
    <ClCompile Include="Display.cpp">
      <Filter>Source Files\gui\Display</Filter>
    </ClCompile>
  </ItemGroup>
  <ItemGroup>
    <Image Include="accept.png">
      <Filter>Source Files\image</Filter>
    </Image>
    <Image Include="monitor.png">
      <Filter>Source Files\image</Filter>
    </Image>
    <Image Include="warning.png">
      <Filter>Source Files\image</Filter>
    </Image>
  </ItemGroup>
</Project>